{
  "nodes": {
    "flake-utils": {
      "locked": {
        "lastModified": 1727371110,
        "narHash": "sha256-RN7B7Vr7QXGsz+NqC+H2d4Z7KWeA4bnSwsxxED6V0HQ=",
        "owner": "numtide",
        "repo": "flake-utils",
        "rev": "3b795c4424356a7b80126e384cb3fba6a2d8f6a1",
        "type": "github"
      },
      "original": {
        "owner": "numtide",
        "repo": "flake-utils",
        "type": "github"
      }
    },
    "nixpkgs": {
      "locked": {
        "lastModified": 1727426666,
        "narHash": "sha256-+dWqE0zvO4ldvVZC19D7Hd4JcQvX9v2txh3p2e4+u2U=",
        "owner": "NixOS",
        "repo": "nixpkgs",
        "rev": "5e5bcdaf5f3018b34deec4c93c61c5186e4af8b4",
        "type": "github"
      },
      "original": {
        "owner": "NixOS",
        "repo": "nixpkgs",
        "ref": "nixos-24.05",
        "type": "github"
      }
    },
    "root": {
      "inputs": {
        "flake-utils": "flake-utils",
        "nixpkgs": "nixpkgs"
      }
    }
  },
  "root": "root",
  "version": 7
}
